// !$*UTF8*$!
{
	archiveVersion = 1;
	classes = {
	};
	objectVersion = 46;
	objects = {

/* Begin PBXBuildFile section */
		4B01599EEDAA398935B7A381 /* Pods_iOSBasicTrainingTests.framework in Frameworks */ = {isa = PBXBuildFile; fileRef = 717EB6991E4CF84FA04D8E00 /* Pods_iOSBasicTrainingTests.framework */; };
		646C25C373F5DC9F927CF5D1 /* Pods_iOSBasicTraining.framework in Frameworks */ = {isa = PBXBuildFile; fileRef = D2A05B32F43B02AFE749853A /* Pods_iOSBasicTraining.framework */; };
		EB7945801D1D4FDE00115EC8 /* SuperHeroDetailViewController.swift in Sources */ = {isa = PBXBuildFile; fileRef = EB79457F1D1D4FDE00115EC8 /* SuperHeroDetailViewController.swift */; };
		EB7945831D1D51D600115EC8 /* UIView.swift in Sources */ = {isa = PBXBuildFile; fileRef = EB7945821D1D51D600115EC8 /* UIView.swift */; };
		EB7945851D1D744400115EC8 /* UIColor.swift in Sources */ = {isa = PBXBuildFile; fileRef = EB7945841D1D744400115EC8 /* UIColor.swift */; };
		EB7945881D1D753700115EC8 /* SuperHeroTableViewCell.swift in Sources */ = {isa = PBXBuildFile; fileRef = EB7945871D1D753700115EC8 /* SuperHeroTableViewCell.swift */; };
		EB79458A1D1D761F00115EC8 /* FakeSuperHeroesAPIClient.swift in Sources */ = {isa = PBXBuildFile; fileRef = EB7945891D1D761F00115EC8 /* FakeSuperHeroesAPIClient.swift */; };
		EB79458E1D1D85BD00115EC8 /* Presenter.swift in Sources */ = {isa = PBXBuildFile; fileRef = EB79458D1D1D85BD00115EC8 /* Presenter.swift */; };
		EB7945901D1D862E00115EC8 /* SuperHeroesPresenter.swift in Sources */ = {isa = PBXBuildFile; fileRef = EB79458F1D1D862E00115EC8 /* SuperHeroesPresenter.swift */; };
		EB7945921D1D863500115EC8 /* SuperHeroDetailPresenter.swift in Sources */ = {isa = PBXBuildFile; fileRef = EB7945911D1D863500115EC8 /* SuperHeroDetailPresenter.swift */; };
		EB7945941D1D882400115EC8 /* SuperHeroesDetectorViewController.swift in Sources */ = {isa = PBXBuildFile; fileRef = EB7945931D1D882400115EC8 /* SuperHeroesDetectorViewController.swift */; };
		EBA82A331D1D1F4E0089DF88 /* AppDelegate.swift in Sources */ = {isa = PBXBuildFile; fileRef = EBA82A321D1D1F4E0089DF88 /* AppDelegate.swift */; };
		EBA82A351D1D1F4E0089DF88 /* SuperHeroesViewController.swift in Sources */ = {isa = PBXBuildFile; fileRef = EBA82A341D1D1F4E0089DF88 /* SuperHeroesViewController.swift */; };
		EBA82A381D1D1F4E0089DF88 /* Main.storyboard in Resources */ = {isa = PBXBuildFile; fileRef = EBA82A361D1D1F4E0089DF88 /* Main.storyboard */; };
		EBA82A3A1D1D1F4E0089DF88 /* Assets.xcassets in Resources */ = {isa = PBXBuildFile; fileRef = EBA82A391D1D1F4E0089DF88 /* Assets.xcassets */; };
		EBA82A3D1D1D1F4E0089DF88 /* LaunchScreen.storyboard in Resources */ = {isa = PBXBuildFile; fileRef = EBA82A3B1D1D1F4E0089DF88 /* LaunchScreen.storyboard */; };
		EBA82A571D1D26180089DF88 /* SuperHero.swift in Sources */ = {isa = PBXBuildFile; fileRef = EBA82A561D1D26180089DF88 /* SuperHero.swift */; };
		EBA82A591D1D26920089DF88 /* Comic.swift in Sources */ = {isa = PBXBuildFile; fileRef = EBA82A581D1D26920089DF88 /* Comic.swift */; };
		EBA82A5C1D1D26DB0089DF88 /* SuperHeroTests.swift in Sources */ = {isa = PBXBuildFile; fileRef = EBA82A5B1D1D26DB0089DF88 /* SuperHeroTests.swift */; };
		EBA82A601D1D27E90089DF88 /* SuperHeroesBuilder.swift in Sources */ = {isa = PBXBuildFile; fileRef = EBA82A5F1D1D27E90089DF88 /* SuperHeroesBuilder.swift */; };
		EBA82A621D1D3AD10089DF88 /* SuperHeroesDetector.swift in Sources */ = {isa = PBXBuildFile; fileRef = EBA82A611D1D3AD10089DF88 /* SuperHeroesDetector.swift */; };
		EBA82A651D1D3AF30089DF88 /* SuperHeroesAPIClient.swift in Sources */ = {isa = PBXBuildFile; fileRef = EBA82A641D1D3AF30089DF88 /* SuperHeroesAPIClient.swift */; };
		EBA82A681D1D3B670089DF88 /* CapturedSuperHeroesStorage.swift in Sources */ = {isa = PBXBuildFile; fileRef = EBA82A671D1D3B670089DF88 /* CapturedSuperHeroesStorage.swift */; };
		EBA82A6A1D1D3FE10089DF88 /* SuperHeroesDetectorError.swift in Sources */ = {isa = PBXBuildFile; fileRef = EBA82A691D1D3FE10089DF88 /* SuperHeroesDetectorError.swift */; };
		EBA82A6C1D1D422A0089DF88 /* SuperHeroesDetectorTests.swift in Sources */ = {isa = PBXBuildFile; fileRef = EBA82A6B1D1D422A0089DF88 /* SuperHeroesDetectorTests.swift */; };
		EBA82A6F1D1D42DB0089DF88 /* MockSuperHeroesAPIClient.swift in Sources */ = {isa = PBXBuildFile; fileRef = EBA82A6E1D1D42DB0089DF88 /* MockSuperHeroesAPIClient.swift */; };
		EBA82A721D1D44790089DF88 /* SuperHero.swift in Sources */ = {isa = PBXBuildFile; fileRef = EBA82A711D1D44790089DF88 /* SuperHero.swift */; };
/* End PBXBuildFile section */

/* Begin PBXContainerItemProxy section */
		EBA82A441D1D1F4E0089DF88 /* PBXContainerItemProxy */ = {
			isa = PBXContainerItemProxy;
			containerPortal = EBA82A271D1D1F4E0089DF88 /* Project object */;
			proxyType = 1;
			remoteGlobalIDString = EBA82A2E1D1D1F4E0089DF88;
			remoteInfo = iOSBasicTraining;
		};
/* End PBXContainerItemProxy section */

/* Begin PBXFileReference section */
		38CDB279D2411D6931C099DA /* Pods-iOSBasicTrainingTests.release.xcconfig */ = {isa = PBXFileReference; includeInIndex = 1; lastKnownFileType = text.xcconfig; name = "Pods-iOSBasicTrainingTests.release.xcconfig"; path = "Pods/Target Support Files/Pods-iOSBasicTrainingTests/Pods-iOSBasicTrainingTests.release.xcconfig"; sourceTree = "<group>"; };
		5BD0C264AFC720381E4CCD11 /* Pods-iOSBasicTraining.debug.xcconfig */ = {isa = PBXFileReference; includeInIndex = 1; lastKnownFileType = text.xcconfig; name = "Pods-iOSBasicTraining.debug.xcconfig"; path = "Pods/Target Support Files/Pods-iOSBasicTraining/Pods-iOSBasicTraining.debug.xcconfig"; sourceTree = "<group>"; };
		6A04285918E4D5E401E2076E /* Pods-iOSBasicTrainingTests.debug.xcconfig */ = {isa = PBXFileReference; includeInIndex = 1; lastKnownFileType = text.xcconfig; name = "Pods-iOSBasicTrainingTests.debug.xcconfig"; path = "Pods/Target Support Files/Pods-iOSBasicTrainingTests/Pods-iOSBasicTrainingTests.debug.xcconfig"; sourceTree = "<group>"; };
		717EB6991E4CF84FA04D8E00 /* Pods_iOSBasicTrainingTests.framework */ = {isa = PBXFileReference; explicitFileType = wrapper.framework; includeInIndex = 0; path = Pods_iOSBasicTrainingTests.framework; sourceTree = BUILT_PRODUCTS_DIR; };
		A23F24A9F3E00ED5C6923BAF /* Pods-iOSBasicTraining.release.xcconfig */ = {isa = PBXFileReference; includeInIndex = 1; lastKnownFileType = text.xcconfig; name = "Pods-iOSBasicTraining.release.xcconfig"; path = "Pods/Target Support Files/Pods-iOSBasicTraining/Pods-iOSBasicTraining.release.xcconfig"; sourceTree = "<group>"; };
		D2A05B32F43B02AFE749853A /* Pods_iOSBasicTraining.framework */ = {isa = PBXFileReference; explicitFileType = wrapper.framework; includeInIndex = 0; path = Pods_iOSBasicTraining.framework; sourceTree = BUILT_PRODUCTS_DIR; };
		EB79457F1D1D4FDE00115EC8 /* SuperHeroDetailViewController.swift */ = {isa = PBXFileReference; fileEncoding = 4; lastKnownFileType = sourcecode.swift; path = SuperHeroDetailViewController.swift; sourceTree = "<group>"; };
		EB7945821D1D51D600115EC8 /* UIView.swift */ = {isa = PBXFileReference; fileEncoding = 4; lastKnownFileType = sourcecode.swift; path = UIView.swift; sourceTree = "<group>"; };
		EB7945841D1D744400115EC8 /* UIColor.swift */ = {isa = PBXFileReference; fileEncoding = 4; lastKnownFileType = sourcecode.swift; path = UIColor.swift; sourceTree = "<group>"; };
		EB7945871D1D753700115EC8 /* SuperHeroTableViewCell.swift */ = {isa = PBXFileReference; fileEncoding = 4; lastKnownFileType = sourcecode.swift; path = SuperHeroTableViewCell.swift; sourceTree = "<group>"; };
		EB7945891D1D761F00115EC8 /* FakeSuperHeroesAPIClient.swift */ = {isa = PBXFileReference; fileEncoding = 4; lastKnownFileType = sourcecode.swift; path = FakeSuperHeroesAPIClient.swift; sourceTree = "<group>"; };
		EB79458D1D1D85BD00115EC8 /* Presenter.swift */ = {isa = PBXFileReference; fileEncoding = 4; lastKnownFileType = sourcecode.swift; path = Presenter.swift; sourceTree = "<group>"; };
		EB79458F1D1D862E00115EC8 /* SuperHeroesPresenter.swift */ = {isa = PBXFileReference; fileEncoding = 4; lastKnownFileType = sourcecode.swift; path = SuperHeroesPresenter.swift; sourceTree = "<group>"; };
		EB7945911D1D863500115EC8 /* SuperHeroDetailPresenter.swift */ = {isa = PBXFileReference; fileEncoding = 4; lastKnownFileType = sourcecode.swift; path = SuperHeroDetailPresenter.swift; sourceTree = "<group>"; };
		EB7945931D1D882400115EC8 /* SuperHeroesDetectorViewController.swift */ = {isa = PBXFileReference; fileEncoding = 4; lastKnownFileType = sourcecode.swift; path = SuperHeroesDetectorViewController.swift; sourceTree = "<group>"; };
		EBA82A2F1D1D1F4E0089DF88 /* iOSBasicTraining.app */ = {isa = PBXFileReference; explicitFileType = wrapper.application; includeInIndex = 0; path = iOSBasicTraining.app; sourceTree = BUILT_PRODUCTS_DIR; };
		EBA82A321D1D1F4E0089DF88 /* AppDelegate.swift */ = {isa = PBXFileReference; lastKnownFileType = sourcecode.swift; path = AppDelegate.swift; sourceTree = "<group>"; };
		EBA82A341D1D1F4E0089DF88 /* SuperHeroesViewController.swift */ = {isa = PBXFileReference; lastKnownFileType = sourcecode.swift; path = SuperHeroesViewController.swift; sourceTree = "<group>"; };
		EBA82A371D1D1F4E0089DF88 /* Base */ = {isa = PBXFileReference; lastKnownFileType = file.storyboard; name = Base; path = Base.lproj/Main.storyboard; sourceTree = "<group>"; };
		EBA82A391D1D1F4E0089DF88 /* Assets.xcassets */ = {isa = PBXFileReference; lastKnownFileType = folder.assetcatalog; path = Assets.xcassets; sourceTree = "<group>"; };
		EBA82A3C1D1D1F4E0089DF88 /* Base */ = {isa = PBXFileReference; lastKnownFileType = file.storyboard; name = Base; path = Base.lproj/LaunchScreen.storyboard; sourceTree = "<group>"; };
		EBA82A3E1D1D1F4E0089DF88 /* Info.plist */ = {isa = PBXFileReference; lastKnownFileType = text.plist.xml; path = Info.plist; sourceTree = "<group>"; };
		EBA82A431D1D1F4E0089DF88 /* iOSBasicTrainingTests.xctest */ = {isa = PBXFileReference; explicitFileType = wrapper.cfbundle; includeInIndex = 0; path = iOSBasicTrainingTests.xctest; sourceTree = BUILT_PRODUCTS_DIR; };
		EBA82A491D1D1F4E0089DF88 /* Info.plist */ = {isa = PBXFileReference; lastKnownFileType = text.plist.xml; path = Info.plist; sourceTree = "<group>"; };
		EBA82A561D1D26180089DF88 /* SuperHero.swift */ = {isa = PBXFileReference; fileEncoding = 4; lastKnownFileType = sourcecode.swift; path = SuperHero.swift; sourceTree = "<group>"; };
		EBA82A581D1D26920089DF88 /* Comic.swift */ = {isa = PBXFileReference; fileEncoding = 4; lastKnownFileType = sourcecode.swift; path = Comic.swift; sourceTree = "<group>"; };
		EBA82A5A1D1D26DB0089DF88 /* iOSBasicTrainingTests-Bridging-Header.h */ = {isa = PBXFileReference; lastKnownFileType = sourcecode.c.h; path = "iOSBasicTrainingTests-Bridging-Header.h"; sourceTree = "<group>"; };
		EBA82A5B1D1D26DB0089DF88 /* SuperHeroTests.swift */ = {isa = PBXFileReference; fileEncoding = 4; lastKnownFileType = sourcecode.swift; path = SuperHeroTests.swift; sourceTree = "<group>"; };
		EBA82A5F1D1D27E90089DF88 /* SuperHeroesBuilder.swift */ = {isa = PBXFileReference; fileEncoding = 4; lastKnownFileType = sourcecode.swift; path = SuperHeroesBuilder.swift; sourceTree = "<group>"; };
		EBA82A611D1D3AD10089DF88 /* SuperHeroesDetector.swift */ = {isa = PBXFileReference; fileEncoding = 4; lastKnownFileType = sourcecode.swift; path = SuperHeroesDetector.swift; sourceTree = "<group>"; };
		EBA82A641D1D3AF30089DF88 /* SuperHeroesAPIClient.swift */ = {isa = PBXFileReference; fileEncoding = 4; lastKnownFileType = sourcecode.swift; path = SuperHeroesAPIClient.swift; sourceTree = "<group>"; };
		EBA82A671D1D3B670089DF88 /* CapturedSuperHeroesStorage.swift */ = {isa = PBXFileReference; fileEncoding = 4; lastKnownFileType = sourcecode.swift; path = CapturedSuperHeroesStorage.swift; sourceTree = "<group>"; };
		EBA82A691D1D3FE10089DF88 /* SuperHeroesDetectorError.swift */ = {isa = PBXFileReference; fileEncoding = 4; lastKnownFileType = sourcecode.swift; path = SuperHeroesDetectorError.swift; sourceTree = "<group>"; };
		EBA82A6B1D1D422A0089DF88 /* SuperHeroesDetectorTests.swift */ = {isa = PBXFileReference; fileEncoding = 4; lastKnownFileType = sourcecode.swift; path = SuperHeroesDetectorTests.swift; sourceTree = "<group>"; };
		EBA82A6E1D1D42DB0089DF88 /* MockSuperHeroesAPIClient.swift */ = {isa = PBXFileReference; fileEncoding = 4; lastKnownFileType = sourcecode.swift; path = MockSuperHeroesAPIClient.swift; sourceTree = "<group>"; };
		EBA82A711D1D44790089DF88 /* SuperHero.swift */ = {isa = PBXFileReference; fileEncoding = 4; lastKnownFileType = sourcecode.swift; path = SuperHero.swift; sourceTree = "<group>"; };
/* End PBXFileReference section */

/* Begin PBXFrameworksBuildPhase section */
		EBA82A2C1D1D1F4E0089DF88 /* Frameworks */ = {
			isa = PBXFrameworksBuildPhase;
			buildActionMask = 2147483647;
			files = (
				646C25C373F5DC9F927CF5D1 /* Pods_iOSBasicTraining.framework in Frameworks */,
			);
			runOnlyForDeploymentPostprocessing = 0;
		};
		EBA82A401D1D1F4E0089DF88 /* Frameworks */ = {
			isa = PBXFrameworksBuildPhase;
			buildActionMask = 2147483647;
			files = (
				4B01599EEDAA398935B7A381 /* Pods_iOSBasicTrainingTests.framework in Frameworks */,
			);
			runOnlyForDeploymentPostprocessing = 0;
		};
/* End PBXFrameworksBuildPhase section */

/* Begin PBXGroup section */
		1444FB9780EB0E8EE935A1EA /* Frameworks */ = {
			isa = PBXGroup;
			children = (
				D2A05B32F43B02AFE749853A /* Pods_iOSBasicTraining.framework */,
				717EB6991E4CF84FA04D8E00 /* Pods_iOSBasicTrainingTests.framework */,
			);
			name = Frameworks;
			sourceTree = "<group>";
		};
		8FDF82A03E65C74CB335D930 /* Pods */ = {
			isa = PBXGroup;
			children = (
				5BD0C264AFC720381E4CCD11 /* Pods-iOSBasicTraining.debug.xcconfig */,
				A23F24A9F3E00ED5C6923BAF /* Pods-iOSBasicTraining.release.xcconfig */,
				6A04285918E4D5E401E2076E /* Pods-iOSBasicTrainingTests.debug.xcconfig */,
				38CDB279D2411D6931C099DA /* Pods-iOSBasicTrainingTests.release.xcconfig */,
			);
			name = Pods;
			sourceTree = "<group>";
		};
		EB79457D1D1D4FCD00115EC8 /* UI */ = {
			isa = PBXGroup;
			children = (
				EB79458B1D1D851A00115EC8 /* Presenter */,
				EB79457E1D1D4FD400115EC8 /* View */,
			);
			name = UI;
			sourceTree = "<group>";
		};
		EB79457E1D1D4FD400115EC8 /* View */ = {
			isa = PBXGroup;
			children = (
				EB7945861D1D752E00115EC8 /* Cells */,
				EBA82A341D1D1F4E0089DF88 /* SuperHeroesViewController.swift */,
				EB79457F1D1D4FDE00115EC8 /* SuperHeroDetailViewController.swift */,
				EBA82A361D1D1F4E0089DF88 /* Main.storyboard */,
			);
			name = View;
			sourceTree = "<group>";
		};
		EB7945811D1D51AD00115EC8 /* Extensions */ = {
			isa = PBXGroup;
			children = (
				EB7945821D1D51D600115EC8 /* UIView.swift */,
				EB7945841D1D744400115EC8 /* UIColor.swift */,
			);
			name = Extensions;
			sourceTree = "<group>";
		};
		EB7945861D1D752E00115EC8 /* Cells */ = {
			isa = PBXGroup;
			children = (
				EB7945871D1D753700115EC8 /* SuperHeroTableViewCell.swift */,
			);
			name = Cells;
			sourceTree = "<group>";
		};
		EB79458B1D1D851A00115EC8 /* Presenter */ = {
			isa = PBXGroup;
			children = (
				EB79458F1D1D862E00115EC8 /* SuperHeroesPresenter.swift */,
				EB7945911D1D863500115EC8 /* SuperHeroDetailPresenter.swift */,
			);
			name = Presenter;
			sourceTree = "<group>";
		};
		EB79458C1D1D859100115EC8 /* MVP */ = {
			isa = PBXGroup;
			children = (
				EB79458D1D1D85BD00115EC8 /* Presenter.swift */,
				EB7945931D1D882400115EC8 /* SuperHeroesDetectorViewController.swift */,
			);
			name = MVP;
			sourceTree = "<group>";
		};
		EBA82A261D1D1F4E0089DF88 = {
			isa = PBXGroup;
			children = (
				EBA82A311D1D1F4E0089DF88 /* iOSBasicTraining */,
				EBA82A461D1D1F4E0089DF88 /* iOSBasicTrainingTests */,
				EBA82A301D1D1F4E0089DF88 /* Products */,
				8FDF82A03E65C74CB335D930 /* Pods */,
				1444FB9780EB0E8EE935A1EA /* Frameworks */,
			);
			sourceTree = "<group>";
		};
		EBA82A301D1D1F4E0089DF88 /* Products */ = {
			isa = PBXGroup;
			children = (
				EBA82A2F1D1D1F4E0089DF88 /* iOSBasicTraining.app */,
				EBA82A431D1D1F4E0089DF88 /* iOSBasicTrainingTests.xctest */,
			);
			name = Products;
			sourceTree = "<group>";
		};
		EBA82A311D1D1F4E0089DF88 /* iOSBasicTraining */ = {
			isa = PBXGroup;
			children = (
				EBA82A541D1D25FA0089DF88 /* Domain */,
				EB79457D1D1D4FCD00115EC8 /* UI */,
				EB79458C1D1D859100115EC8 /* MVP */,
				EB7945811D1D51AD00115EC8 /* Extensions */,
				EBA82A321D1D1F4E0089DF88 /* AppDelegate.swift */,
				EBA82A3B1D1D1F4E0089DF88 /* LaunchScreen.storyboard */,
				EBA82A391D1D1F4E0089DF88 /* Assets.xcassets */,
				EBA82A3E1D1D1F4E0089DF88 /* Info.plist */,
			);
			path = iOSBasicTraining;
			sourceTree = "<group>";
		};
		EBA82A461D1D1F4E0089DF88 /* iOSBasicTrainingTests */ = {
			isa = PBXGroup;
			children = (
				EBA82A5D1D1D26E50089DF88 /* Domain */,
				EBA82A701D1D446F0089DF88 /* Extensions */,
				EBA82A6D1D1D42D00089DF88 /* Test Doubles */,
				EBA82A5E1D1D27DC0089DF88 /* Builders */,
				EBA82A491D1D1F4E0089DF88 /* Info.plist */,
				EBA82A5A1D1D26DB0089DF88 /* iOSBasicTrainingTests-Bridging-Header.h */,
			);
			path = iOSBasicTrainingTests;
			sourceTree = "<group>";
		};
		EBA82A541D1D25FA0089DF88 /* Domain */ = {
			isa = PBXGroup;
			children = (
				EBA82A661D1D3B5B0089DF88 /* Storage */,
				EBA82A631D1D3ADD0089DF88 /* API Client */,
				EBA82A561D1D26180089DF88 /* SuperHero.swift */,
				EBA82A581D1D26920089DF88 /* Comic.swift */,
				EBA82A611D1D3AD10089DF88 /* SuperHeroesDetector.swift */,
				EBA82A691D1D3FE10089DF88 /* SuperHeroesDetectorError.swift */,
			);
			name = Domain;
			sourceTree = "<group>";
		};
		EBA82A5D1D1D26E50089DF88 /* Domain */ = {
			isa = PBXGroup;
			children = (
				EBA82A5B1D1D26DB0089DF88 /* SuperHeroTests.swift */,
				EBA82A6B1D1D422A0089DF88 /* SuperHeroesDetectorTests.swift */,
			);
			name = Domain;
			sourceTree = "<group>";
		};
		EBA82A5E1D1D27DC0089DF88 /* Builders */ = {
			isa = PBXGroup;
			children = (
				EBA82A5F1D1D27E90089DF88 /* SuperHeroesBuilder.swift */,
			);
			name = Builders;
			sourceTree = "<group>";
		};
		EBA82A631D1D3ADD0089DF88 /* API Client */ = {
			isa = PBXGroup;
			children = (
				EBA82A641D1D3AF30089DF88 /* SuperHeroesAPIClient.swift */,
				EB7945891D1D761F00115EC8 /* FakeSuperHeroesAPIClient.swift */,
			);
			name = "API Client";
			sourceTree = "<group>";
		};
		EBA82A661D1D3B5B0089DF88 /* Storage */ = {
			isa = PBXGroup;
			children = (
				EBA82A671D1D3B670089DF88 /* CapturedSuperHeroesStorage.swift */,
			);
			name = Storage;
			sourceTree = "<group>";
		};
		EBA82A6D1D1D42D00089DF88 /* Test Doubles */ = {
			isa = PBXGroup;
			children = (
				EBA82A6E1D1D42DB0089DF88 /* MockSuperHeroesAPIClient.swift */,
			);
			name = "Test Doubles";
			sourceTree = "<group>";
		};
		EBA82A701D1D446F0089DF88 /* Extensions */ = {
			isa = PBXGroup;
			children = (
				EBA82A711D1D44790089DF88 /* SuperHero.swift */,
			);
			name = Extensions;
			sourceTree = "<group>";
		};
/* End PBXGroup section */

/* Begin PBXNativeTarget section */
		EBA82A2E1D1D1F4E0089DF88 /* iOSBasicTraining */ = {
			isa = PBXNativeTarget;
			buildConfigurationList = EBA82A4C1D1D1F4E0089DF88 /* Build configuration list for PBXNativeTarget "iOSBasicTraining" */;
			buildPhases = (
				00B72D424DF0DD58548A49E7 /* [CP] Check Pods Manifest.lock */,
				EBA82A2B1D1D1F4E0089DF88 /* Sources */,
				EBA82A2C1D1D1F4E0089DF88 /* Frameworks */,
				EBA82A2D1D1D1F4E0089DF88 /* Resources */,
				18411856403556C47F2015DE /* [CP] Embed Pods Frameworks */,
				BDE89FB4FF9F18E170E9157C /* [CP] Copy Pods Resources */,
			);
			buildRules = (
			);
			dependencies = (
			);
			name = iOSBasicTraining;
			productName = iOSBasicTraining;
			productReference = EBA82A2F1D1D1F4E0089DF88 /* iOSBasicTraining.app */;
			productType = "com.apple.product-type.application";
		};
		EBA82A421D1D1F4E0089DF88 /* iOSBasicTrainingTests */ = {
			isa = PBXNativeTarget;
			buildConfigurationList = EBA82A4F1D1D1F4E0089DF88 /* Build configuration list for PBXNativeTarget "iOSBasicTrainingTests" */;
			buildPhases = (
				7E9A7A7FD01DA77BC67A72E2 /* [CP] Check Pods Manifest.lock */,
				EBA82A3F1D1D1F4E0089DF88 /* Sources */,
				EBA82A401D1D1F4E0089DF88 /* Frameworks */,
				EBA82A411D1D1F4E0089DF88 /* Resources */,
				DD4D1001220986F6C0B14A95 /* [CP] Embed Pods Frameworks */,
				46C7BDFA0833B14C6C3D99B3 /* [CP] Copy Pods Resources */,
			);
			buildRules = (
			);
			dependencies = (
				EBA82A451D1D1F4E0089DF88 /* PBXTargetDependency */,
			);
			name = iOSBasicTrainingTests;
			productName = iOSBasicTrainingTests;
			productReference = EBA82A431D1D1F4E0089DF88 /* iOSBasicTrainingTests.xctest */;
			productType = "com.apple.product-type.bundle.unit-test";
		};
/* End PBXNativeTarget section */

/* Begin PBXProject section */
		EBA82A271D1D1F4E0089DF88 /* Project object */ = {
			isa = PBXProject;
			attributes = {
				LastSwiftUpdateCheck = 0730;
				LastUpgradeCheck = 0730;
				ORGANIZATIONNAME = GoKarumi;
				TargetAttributes = {
					EBA82A2E1D1D1F4E0089DF88 = {
						CreatedOnToolsVersion = 7.3.1;
					};
					EBA82A421D1D1F4E0089DF88 = {
						CreatedOnToolsVersion = 7.3.1;
						TestTargetID = EBA82A2E1D1D1F4E0089DF88;
					};
				};
			};
			buildConfigurationList = EBA82A2A1D1D1F4E0089DF88 /* Build configuration list for PBXProject "iOSBasicTraining" */;
			compatibilityVersion = "Xcode 3.2";
			developmentRegion = English;
			hasScannedForEncodings = 0;
			knownRegions = (
				en,
				Base,
			);
			mainGroup = EBA82A261D1D1F4E0089DF88;
			productRefGroup = EBA82A301D1D1F4E0089DF88 /* Products */;
			projectDirPath = "";
			projectRoot = "";
			targets = (
				EBA82A2E1D1D1F4E0089DF88 /* iOSBasicTraining */,
				EBA82A421D1D1F4E0089DF88 /* iOSBasicTrainingTests */,
			);
		};
/* End PBXProject section */

/* Begin PBXResourcesBuildPhase section */
		EBA82A2D1D1D1F4E0089DF88 /* Resources */ = {
			isa = PBXResourcesBuildPhase;
			buildActionMask = 2147483647;
			files = (
				EBA82A3D1D1D1F4E0089DF88 /* LaunchScreen.storyboard in Resources */,
				EBA82A3A1D1D1F4E0089DF88 /* Assets.xcassets in Resources */,
				EBA82A381D1D1F4E0089DF88 /* Main.storyboard in Resources */,
			);
			runOnlyForDeploymentPostprocessing = 0;
		};
		EBA82A411D1D1F4E0089DF88 /* Resources */ = {
			isa = PBXResourcesBuildPhase;
			buildActionMask = 2147483647;
			files = (
			);
			runOnlyForDeploymentPostprocessing = 0;
		};
/* End PBXResourcesBuildPhase section */

/* Begin PBXShellScriptBuildPhase section */
		00B72D424DF0DD58548A49E7 /* [CP] Check Pods Manifest.lock */ = {
			isa = PBXShellScriptBuildPhase;
			buildActionMask = 2147483647;
			files = (
			);
			inputPaths = (
			);
			name = "[CP] Check Pods Manifest.lock";
			outputPaths = (
			);
			runOnlyForDeploymentPostprocessing = 0;
			shellPath = /bin/sh;
			shellScript = "diff \"${PODS_ROOT}/../Podfile.lock\" \"${PODS_ROOT}/Manifest.lock\" > /dev/null\nif [[ $? != 0 ]] ; then\n    cat << EOM\nerror: The sandbox is not in sync with the Podfile.lock. Run 'pod install' or update your CocoaPods installation.\nEOM\n    exit 1\nfi\n";
			showEnvVarsInLog = 0;
		};
		18411856403556C47F2015DE /* [CP] Embed Pods Frameworks */ = {
			isa = PBXShellScriptBuildPhase;
			buildActionMask = 2147483647;
			files = (
			);
			inputPaths = (
			);
			name = "[CP] Embed Pods Frameworks";
			outputPaths = (
			);
			runOnlyForDeploymentPostprocessing = 0;
			shellPath = /bin/sh;
			shellScript = "\"${SRCROOT}/Pods/Target Support Files/Pods-iOSBasicTraining/Pods-iOSBasicTraining-frameworks.sh\"\n";
			showEnvVarsInLog = 0;
		};
		46C7BDFA0833B14C6C3D99B3 /* [CP] Copy Pods Resources */ = {
			isa = PBXShellScriptBuildPhase;
			buildActionMask = 2147483647;
			files = (
			);
			inputPaths = (
			);
			name = "[CP] Copy Pods Resources";
			outputPaths = (
			);
			runOnlyForDeploymentPostprocessing = 0;
			shellPath = /bin/sh;
			shellScript = "\"${SRCROOT}/Pods/Target Support Files/Pods-iOSBasicTrainingTests/Pods-iOSBasicTrainingTests-resources.sh\"\n";
			showEnvVarsInLog = 0;
		};
		7E9A7A7FD01DA77BC67A72E2 /* [CP] Check Pods Manifest.lock */ = {
			isa = PBXShellScriptBuildPhase;
			buildActionMask = 2147483647;
			files = (
			);
			inputPaths = (
			);
			name = "[CP] Check Pods Manifest.lock";
			outputPaths = (
			);
			runOnlyForDeploymentPostprocessing = 0;
			shellPath = /bin/sh;
			shellScript = "diff \"${PODS_ROOT}/../Podfile.lock\" \"${PODS_ROOT}/Manifest.lock\" > /dev/null\nif [[ $? != 0 ]] ; then\n    cat << EOM\nerror: The sandbox is not in sync with the Podfile.lock. Run 'pod install' or update your CocoaPods installation.\nEOM\n    exit 1\nfi\n";
			showEnvVarsInLog = 0;
		};
		BDE89FB4FF9F18E170E9157C /* [CP] Copy Pods Resources */ = {
			isa = PBXShellScriptBuildPhase;
			buildActionMask = 2147483647;
			files = (
			);
			inputPaths = (
			);
			name = "[CP] Copy Pods Resources";
			outputPaths = (
			);
			runOnlyForDeploymentPostprocessing = 0;
			shellPath = /bin/sh;
			shellScript = "\"${SRCROOT}/Pods/Target Support Files/Pods-iOSBasicTraining/Pods-iOSBasicTraining-resources.sh\"\n";
			showEnvVarsInLog = 0;
		};
		DD4D1001220986F6C0B14A95 /* [CP] Embed Pods Frameworks */ = {
			isa = PBXShellScriptBuildPhase;
			buildActionMask = 2147483647;
			files = (
			);
			inputPaths = (
			);
			name = "[CP] Embed Pods Frameworks";
			outputPaths = (
			);
			runOnlyForDeploymentPostprocessing = 0;
			shellPath = /bin/sh;
			shellScript = "\"${SRCROOT}/Pods/Target Support Files/Pods-iOSBasicTrainingTests/Pods-iOSBasicTrainingTests-frameworks.sh\"\n";
			showEnvVarsInLog = 0;
		};
/* End PBXShellScriptBuildPhase section */

/* Begin PBXSourcesBuildPhase section */
		EBA82A2B1D1D1F4E0089DF88 /* Sources */ = {
			isa = PBXSourcesBuildPhase;
			buildActionMask = 2147483647;
			files = (
				EB7945831D1D51D600115EC8 /* UIView.swift in Sources */,
				EB7945921D1D863500115EC8 /* SuperHeroDetailPresenter.swift in Sources */,
				EB79458A1D1D761F00115EC8 /* FakeSuperHeroesAPIClient.swift in Sources */,
				EBA82A651D1D3AF30089DF88 /* SuperHeroesAPIClient.swift in Sources */,
				EBA82A681D1D3B670089DF88 /* CapturedSuperHeroesStorage.swift in Sources */,
				EBA82A6A1D1D3FE10089DF88 /* SuperHeroesDetectorError.swift in Sources */,
				EBA82A351D1D1F4E0089DF88 /* SuperHeroesViewController.swift in Sources */,
				EB7945801D1D4FDE00115EC8 /* SuperHeroDetailViewController.swift in Sources */,
				EBA82A591D1D26920089DF88 /* Comic.swift in Sources */,
				EB79458E1D1D85BD00115EC8 /* Presenter.swift in Sources */,
				EB7945901D1D862E00115EC8 /* SuperHeroesPresenter.swift in Sources */,
				EB7945941D1D882400115EC8 /* SuperHeroesDetectorViewController.swift in Sources */,
				EB7945851D1D744400115EC8 /* UIColor.swift in Sources */,
				EBA82A621D1D3AD10089DF88 /* SuperHeroesDetector.swift in Sources */,
				EBA82A331D1D1F4E0089DF88 /* AppDelegate.swift in Sources */,
				EBA82A571D1D26180089DF88 /* SuperHero.swift in Sources */,
				EB7945881D1D753700115EC8 /* SuperHeroTableViewCell.swift in Sources */,
			);
			runOnlyForDeploymentPostprocessing = 0;
		};
		EBA82A3F1D1D1F4E0089DF88 /* Sources */ = {
			isa = PBXSourcesBuildPhase;
			buildActionMask = 2147483647;
			files = (
				EBA82A721D1D44790089DF88 /* SuperHero.swift in Sources */,
				EBA82A6C1D1D422A0089DF88 /* SuperHeroesDetectorTests.swift in Sources */,
				EBA82A6F1D1D42DB0089DF88 /* MockSuperHeroesAPIClient.swift in Sources */,
				EBA82A5C1D1D26DB0089DF88 /* SuperHeroTests.swift in Sources */,
				EBA82A601D1D27E90089DF88 /* SuperHeroesBuilder.swift in Sources */,
			);
			runOnlyForDeploymentPostprocessing = 0;
		};
/* End PBXSourcesBuildPhase section */

/* Begin PBXTargetDependency section */
		EBA82A451D1D1F4E0089DF88 /* PBXTargetDependency */ = {
			isa = PBXTargetDependency;
			target = EBA82A2E1D1D1F4E0089DF88 /* iOSBasicTraining */;
			targetProxy = EBA82A441D1D1F4E0089DF88 /* PBXContainerItemProxy */;
		};
/* End PBXTargetDependency section */

/* Begin PBXVariantGroup section */
		EBA82A361D1D1F4E0089DF88 /* Main.storyboard */ = {
			isa = PBXVariantGroup;
			children = (
				EBA82A371D1D1F4E0089DF88 /* Base */,
			);
			name = Main.storyboard;
			sourceTree = "<group>";
		};
		EBA82A3B1D1D1F4E0089DF88 /* LaunchScreen.storyboard */ = {
			isa = PBXVariantGroup;
			children = (
				EBA82A3C1D1D1F4E0089DF88 /* Base */,
			);
			name = LaunchScreen.storyboard;
			sourceTree = "<group>";
		};
/* End PBXVariantGroup section */

/* Begin XCBuildConfiguration section */
		EBA82A4A1D1D1F4E0089DF88 /* Debug */ = {
			isa = XCBuildConfiguration;
			buildSettings = {
				ALWAYS_SEARCH_USER_PATHS = NO;
				CLANG_ANALYZER_NONNULL = YES;
				CLANG_CXX_LANGUAGE_STANDARD = "gnu++0x";
				CLANG_CXX_LIBRARY = "libc++";
				CLANG_ENABLE_MODULES = YES;
				CLANG_ENABLE_OBJC_ARC = YES;
				CLANG_WARN_BOOL_CONVERSION = YES;
				CLANG_WARN_CONSTANT_CONVERSION = YES;
				CLANG_WARN_DIRECT_OBJC_ISA_USAGE = YES_ERROR;
				CLANG_WARN_EMPTY_BODY = YES;
				CLANG_WARN_ENUM_CONVERSION = YES;
				CLANG_WARN_INT_CONVERSION = YES;
				CLANG_WARN_OBJC_ROOT_CLASS = YES_ERROR;
				CLANG_WARN_UNREACHABLE_CODE = YES;
				CLANG_WARN__DUPLICATE_METHOD_MATCH = YES;
				"CODE_SIGN_IDENTITY[sdk=iphoneos*]" = "iPhone Developer";
				COPY_PHASE_STRIP = NO;
				DEBUG_INFORMATION_FORMAT = dwarf;
				ENABLE_STRICT_OBJC_MSGSEND = YES;
				ENABLE_TESTABILITY = YES;
				GCC_C_LANGUAGE_STANDARD = gnu99;
				GCC_DYNAMIC_NO_PIC = NO;
				GCC_NO_COMMON_BLOCKS = YES;
				GCC_OPTIMIZATION_LEVEL = 0;
				GCC_PREPROCESSOR_DEFINITIONS = (
					"DEBUG=1",
					"$(inherited)",
				);
				GCC_WARN_64_TO_32_BIT_CONVERSION = YES;
				GCC_WARN_ABOUT_RETURN_TYPE = YES_ERROR;
				GCC_WARN_UNDECLARED_SELECTOR = YES;
				GCC_WARN_UNINITIALIZED_AUTOS = YES_AGGRESSIVE;
				GCC_WARN_UNUSED_FUNCTION = YES;
				GCC_WARN_UNUSED_VARIABLE = YES;
				IPHONEOS_DEPLOYMENT_TARGET = 9.3;
				MTL_ENABLE_DEBUG_INFO = YES;
				ONLY_ACTIVE_ARCH = YES;
				SDKROOT = iphoneos;
				SWIFT_OPTIMIZATION_LEVEL = "-Onone";
			};
			name = Debug;
		};
		EBA82A4B1D1D1F4E0089DF88 /* Release */ = {
			isa = XCBuildConfiguration;
			buildSettings = {
				ALWAYS_SEARCH_USER_PATHS = NO;
				CLANG_ANALYZER_NONNULL = YES;
				CLANG_CXX_LANGUAGE_STANDARD = "gnu++0x";
				CLANG_CXX_LIBRARY = "libc++";
				CLANG_ENABLE_MODULES = YES;
				CLANG_ENABLE_OBJC_ARC = YES;
				CLANG_WARN_BOOL_CONVERSION = YES;
				CLANG_WARN_CONSTANT_CONVERSION = YES;
				CLANG_WARN_DIRECT_OBJC_ISA_USAGE = YES_ERROR;
				CLANG_WARN_EMPTY_BODY = YES;
				CLANG_WARN_ENUM_CONVERSION = YES;
				CLANG_WARN_INT_CONVERSION = YES;
				CLANG_WARN_OBJC_ROOT_CLASS = YES_ERROR;
				CLANG_WARN_UNREACHABLE_CODE = YES;
				CLANG_WARN__DUPLICATE_METHOD_MATCH = YES;
				"CODE_SIGN_IDENTITY[sdk=iphoneos*]" = "iPhone Developer";
				COPY_PHASE_STRIP = NO;
				DEBUG_INFORMATION_FORMAT = "dwarf-with-dsym";
				ENABLE_NS_ASSERTIONS = NO;
				ENABLE_STRICT_OBJC_MSGSEND = YES;
				GCC_C_LANGUAGE_STANDARD = gnu99;
				GCC_NO_COMMON_BLOCKS = YES;
				GCC_WARN_64_TO_32_BIT_CONVERSION = YES;
				GCC_WARN_ABOUT_RETURN_TYPE = YES_ERROR;
				GCC_WARN_UNDECLARED_SELECTOR = YES;
				GCC_WARN_UNINITIALIZED_AUTOS = YES_AGGRESSIVE;
				GCC_WARN_UNUSED_FUNCTION = YES;
				GCC_WARN_UNUSED_VARIABLE = YES;
				IPHONEOS_DEPLOYMENT_TARGET = 9.3;
				MTL_ENABLE_DEBUG_INFO = NO;
				SDKROOT = iphoneos;
				VALIDATE_PRODUCT = YES;
			};
			name = Release;
		};
		EBA82A4D1D1D1F4E0089DF88 /* Debug */ = {
			isa = XCBuildConfiguration;
			baseConfigurationReference = 5BD0C264AFC720381E4CCD11 /* Pods-iOSBasicTraining.debug.xcconfig */;
			buildSettings = {
				ASSETCATALOG_COMPILER_APPICON_NAME = AppIcon;
				INFOPLIST_FILE = iOSBasicTraining/Info.plist;
				LD_RUNPATH_SEARCH_PATHS = "$(inherited) @executable_path/Frameworks";
				PRODUCT_BUNDLE_IDENTIFIER = com.karumi.iOSBasicTraining;
				PRODUCT_NAME = "$(TARGET_NAME)";
			};
			name = Debug;
		};
		EBA82A4E1D1D1F4E0089DF88 /* Release */ = {
			isa = XCBuildConfiguration;
			baseConfigurationReference = A23F24A9F3E00ED5C6923BAF /* Pods-iOSBasicTraining.release.xcconfig */;
			buildSettings = {
				ASSETCATALOG_COMPILER_APPICON_NAME = AppIcon;
				INFOPLIST_FILE = iOSBasicTraining/Info.plist;
				LD_RUNPATH_SEARCH_PATHS = "$(inherited) @executable_path/Frameworks";
				PRODUCT_BUNDLE_IDENTIFIER = com.karumi.iOSBasicTraining;
				PRODUCT_NAME = "$(TARGET_NAME)";
			};
			name = Release;
		};
		EBA82A501D1D1F4E0089DF88 /* Debug */ = {
			isa = XCBuildConfiguration;
			baseConfigurationReference = 6A04285918E4D5E401E2076E /* Pods-iOSBasicTrainingTests.debug.xcconfig */;
			buildSettings = {
				BUNDLE_LOADER = "$(TEST_HOST)";
				CLANG_ENABLE_MODULES = YES;
				INFOPLIST_FILE = iOSBasicTrainingTests/Info.plist;
				LD_RUNPATH_SEARCH_PATHS = "$(inherited) @executable_path/Frameworks @loader_path/Frameworks";
				PRODUCT_BUNDLE_IDENTIFIER = com.karumi.iOSBasicTrainingTests;
				PRODUCT_NAME = "$(TARGET_NAME)";
				SWIFT_OBJC_BRIDGING_HEADER = "iOSBasicTrainingTests/iOSBasicTrainingTests-Bridging-Header.h";
				SWIFT_OPTIMIZATION_LEVEL = "-Onone";
				TEST_HOST = "$(BUILT_PRODUCTS_DIR)/iOSBasicTraining.app/iOSBasicTraining";
			};
			name = Debug;
		};
		EBA82A511D1D1F4E0089DF88 /* Release */ = {
			isa = XCBuildConfiguration;
			baseConfigurationReference = 38CDB279D2411D6931C099DA /* Pods-iOSBasicTrainingTests.release.xcconfig */;
			buildSettings = {
				BUNDLE_LOADER = "$(TEST_HOST)";
				CLANG_ENABLE_MODULES = YES;
				INFOPLIST_FILE = iOSBasicTrainingTests/Info.plist;
				LD_RUNPATH_SEARCH_PATHS = "$(inherited) @executable_path/Frameworks @loader_path/Frameworks";
				PRODUCT_BUNDLE_IDENTIFIER = com.karumi.iOSBasicTrainingTests;
				PRODUCT_NAME = "$(TARGET_NAME)";
				SWIFT_OBJC_BRIDGING_HEADER = "iOSBasicTrainingTests/iOSBasicTrainingTests-Bridging-Header.h";
				TEST_HOST = "$(BUILT_PRODUCTS_DIR)/iOSBasicTraining.app/iOSBasicTraining";
			};
			name = Release;
		};
/* End XCBuildConfiguration section */

/* Begin XCConfigurationList section */
		EBA82A2A1D1D1F4E0089DF88 /* Build configuration list for PBXProject "iOSBasicTraining" */ = {
			isa = XCConfigurationList;
			buildConfigurations = (
				EBA82A4A1D1D1F4E0089DF88 /* Debug */,
				EBA82A4B1D1D1F4E0089DF88 /* Release */,
			);
			defaultConfigurationIsVisible = 0;
			defaultConfigurationName = Release;
		};
		EBA82A4C1D1D1F4E0089DF88 /* Build configuration list for PBXNativeTarget "iOSBasicTraining" */ = {
			isa = XCConfigurationList;
			buildConfigurations = (
				EBA82A4D1D1D1F4E0089DF88 /* Debug */,
				EBA82A4E1D1D1F4E0089DF88 /* Release */,
			);
			defaultConfigurationIsVisible = 0;
			defaultConfigurationName = Release;
		};
		EBA82A4F1D1D1F4E0089DF88 /* Build configuration list for PBXNativeTarget "iOSBasicTrainingTests" */ = {
			isa = XCConfigurationList;
			buildConfigurations = (
				EBA82A501D1D1F4E0089DF88 /* Debug */,
				EBA82A511D1D1F4E0089DF88 /* Release */,
			);
			defaultConfigurationIsVisible = 0;
			defaultConfigurationName = Release;
		};
/* End XCConfigurationList section */
	};
	rootObject = EBA82A271D1D1F4E0089DF88 /* Project object */;
}
